
Microsoft Visual Studio Solution File, Format Version 12.00
# Visual Studio Version 17
VisualStudioVersion = 17.11.35303.130
MinimumVisualStudioVersion = 10.0.40219.1
Project("{9A19103F-16F7-4668-BE54-9A1E7A4F7556}") = "TwilioBridge.Web", "src\api\TwilioBridge.Web.csproj", "{0DC9CD5D-1A5C-4CB3-8C00-B1AB2295A87A}"
EndProject
Global
	GlobalSection(SolutionConfigurationPlatforms) = preSolution
		Debug|Any CPU = Debug|Any CPU
		Release|Any CPU = Release|Any CPU
	EndGlobalSection
	GlobalSection(ProjectConfigurationPlatforms) = postSolution
		{0DC9CD5D-1A5C-4CB3-8C00-B1AB2295A87A}.Debug|Any CPU.ActiveCfg = Debug|Any CPU
		{0DC9CD5D-1A5C-4CB3-8C00-B1AB2295A87A}.Debug|Any CPU.Build.0 = Debug|Any CPU
		{0DC9CD5D-1A5C-4CB3-8C00-B1AB2295A87A}.Release|Any CPU.ActiveCfg = Release|Any CPU
		{0DC9CD5D-1A5C-4CB3-8C00-B1AB2295A87A}.Release|Any CPU.Build.0 = Release|Any CPU
	EndGlobalSection
	GlobalSection(SolutionProperties) = preSolution
		HideSolutionNode = FALSE
	EndGlobalSection
	GlobalSection(ExtensibilityGlobals) = postSolution
		SolutionGuid = {8924A865-1F85-4E1C-AC9A-11BD1AF99FB8}
	EndGlobalSection
EndGlobal
